
Microsoft Visual Studio Solution File, Format Version 12.00
# Visual Studio Version 16
VisualStudioVersion = 16.0.29905.134
MinimumVisualStudioVersion = 10.0.40219.1
Project("{FAE04EC0-301F-11D3-BF4B-00C04F79EFBC}") = "dotnetcorecourse", "dotnetcorecourse\dotnetcorecourse.csproj", "{1DAE2664-EFDC-4C76-B2D0-E152D2A16248}"
EndProject
Global
	GlobalSection(SolutionConfigurationPlatforms) = preSolution
		Debug|Any CPU = Debug|Any CPU
		Release|Any CPU = Release|Any CPU
	EndGlobalSection
	GlobalSection(ProjectConfigurationPlatforms) = postSolution
		{1DAE2664-EFDC-4C76-B2D0-E152D2A16248}.Debug|Any CPU.ActiveCfg = Debug|Any CPU
		{1DAE2664-EFDC-4C76-B2D0-E152D2A16248}.Debug|Any CPU.Build.0 = Debug|Any CPU
		{1DAE2664-EFDC-4C76-B2D0-E152D2A16248}.Release|Any CPU.ActiveCfg = Release|Any CPU
		{1DAE2664-EFDC-4C76-B2D0-E152D2A16248}.Release|Any CPU.Build.0 = Release|Any CPU
	EndGlobalSection
	GlobalSection(SolutionProperties) = preSolution
		HideSolutionNode = FALSE
	EndGlobalSection
	GlobalSection(ExtensibilityGlobals) = postSolution
		SolutionGuid = {94FBC3BA-EE73-4F18-BCDB-F3BBFC4F9F96}
	EndGlobalSection
EndGlobal
